
Microsoft Visual Studio Solution File, Format Version 12.00
# Visual Studio Version 17
VisualStudioVersion = 17.7.34009.444
MinimumVisualStudioVersion = 10.0.40219.1
Project("{9A19103F-16F7-4668-BE54-9A1E7A4F7556}") = "parcial.shared", "parcial.shared\parcial.shared.csproj", "{B0B3217C-F317-4023-91D6-CDB0201EBEF7}"
EndProject
Project("{9A19103F-16F7-4668-BE54-9A1E7A4F7556}") = "parcial.API", "parcial.API\parcial.API.csproj", "{9CDF2C53-81B9-4E27-9610-8C8CB8C8FD52}"
EndProject
Project("{9A19103F-16F7-4668-BE54-9A1E7A4F7556}") = "parcial.WEB", "parcial.WEB\parcial.WEB.csproj", "{504F0911-A425-463D-824C-48385CAB6D8C}"
EndProject
Global
	GlobalSection(SolutionConfigurationPlatforms) = preSolution
		Debug|Any CPU = Debug|Any CPU
		Release|Any CPU = Release|Any CPU
	EndGlobalSection
	GlobalSection(ProjectConfigurationPlatforms) = postSolution
		{B0B3217C-F317-4023-91D6-CDB0201EBEF7}.Debug|Any CPU.ActiveCfg = Debug|Any CPU
		{B0B3217C-F317-4023-91D6-CDB0201EBEF7}.Debug|Any CPU.Build.0 = Debug|Any CPU
		{B0B3217C-F317-4023-91D6-CDB0201EBEF7}.Release|Any CPU.ActiveCfg = Release|Any CPU
		{B0B3217C-F317-4023-91D6-CDB0201EBEF7}.Release|Any CPU.Build.0 = Release|Any CPU
		{9CDF2C53-81B9-4E27-9610-8C8CB8C8FD52}.Debug|Any CPU.ActiveCfg = Debug|Any CPU
		{9CDF2C53-81B9-4E27-9610-8C8CB8C8FD52}.Debug|Any CPU.Build.0 = Debug|Any CPU
		{9CDF2C53-81B9-4E27-9610-8C8CB8C8FD52}.Release|Any CPU.ActiveCfg = Release|Any CPU
		{9CDF2C53-81B9-4E27-9610-8C8CB8C8FD52}.Release|Any CPU.Build.0 = Release|Any CPU
		{504F0911-A425-463D-824C-48385CAB6D8C}.Debug|Any CPU.ActiveCfg = Debug|Any CPU
		{504F0911-A425-463D-824C-48385CAB6D8C}.Debug|Any CPU.Build.0 = Debug|Any CPU
		{504F0911-A425-463D-824C-48385CAB6D8C}.Release|Any CPU.ActiveCfg = Release|Any CPU
		{504F0911-A425-463D-824C-48385CAB6D8C}.Release|Any CPU.Build.0 = Release|Any CPU
	EndGlobalSection
	GlobalSection(SolutionProperties) = preSolution
		HideSolutionNode = FALSE
	EndGlobalSection
	GlobalSection(ExtensibilityGlobals) = postSolution
		SolutionGuid = {46CEC068-EEFD-4BBC-AA20-DBE71B2A5802}
	EndGlobalSection
EndGlobal
